// !$*UTF8*$!
{
	archiveVersion = 1;
	classes = {
	};
	objectVersion = 50;
	objects = {

/* Begin PBXBuildFile section */
		8110B33321516C01002DDF71 /* AppDelegate.swift in Sources */ = {isa = PBXBuildFile; fileRef = 8110B33221516C01002DDF71 /* AppDelegate.swift */; };
		8110B33521516C01002DDF71 /* ViewController.swift in Sources */ = {isa = PBXBuildFile; fileRef = 8110B33421516C01002DDF71 /* ViewController.swift */; };
		8110B33821516C01002DDF71 /* Main.storyboard in Resources */ = {isa = PBXBuildFile; fileRef = 8110B33621516C01002DDF71 /* Main.storyboard */; };
		8110B33A21516C03002DDF71 /* Assets.xcassets in Resources */ = {isa = PBXBuildFile; fileRef = 8110B33921516C03002DDF71 /* Assets.xcassets */; };
		8110B33D21516C03002DDF71 /* LaunchScreen.storyboard in Resources */ = {isa = PBXBuildFile; fileRef = 8110B33B21516C03002DDF71 /* LaunchScreen.storyboard */; };
		8110B34821516C03002DDF71 /* AerisWeatherTests.swift in Sources */ = {isa = PBXBuildFile; fileRef = 8110B34721516C03002DDF71 /* AerisWeatherTests.swift */; };
		8110B35321516C03002DDF71 /* AerisWeatherUITests.swift in Sources */ = {isa = PBXBuildFile; fileRef = 8110B35221516C03002DDF71 /* AerisWeatherUITests.swift */; };
		8110B3622151701C002DDF71 /* CollectionViewCell.swift in Sources */ = {isa = PBXBuildFile; fileRef = 8110B3612151701C002DDF71 /* CollectionViewCell.swift */; };
		8110B364215173B3002DDF71 /* WeatherInfo.swift in Sources */ = {isa = PBXBuildFile; fileRef = 8110B363215173B3002DDF71 /* WeatherInfo.swift */; };
		8110B366215174B0002DDF71 /* NetworkHelper.swift in Sources */ = {isa = PBXBuildFile; fileRef = 8110B365215174B0002DDF71 /* NetworkHelper.swift */; };
		8110B36A215178CD002DDF71 /* WeatherAPIClient.swift in Sources */ = {isa = PBXBuildFile; fileRef = 8110B369215178CD002DDF71 /* WeatherAPIClient.swift */; };
/* End PBXBuildFile section */

/* Begin PBXContainerItemProxy section */
		8110B34421516C03002DDF71 /* PBXContainerItemProxy */ = {
			isa = PBXContainerItemProxy;
			containerPortal = 8110B32721516C01002DDF71 /* Project object */;
			proxyType = 1;
			remoteGlobalIDString = 8110B32E21516C01002DDF71;
			remoteInfo = AerisWeather;
		};
		8110B34F21516C03002DDF71 /* PBXContainerItemProxy */ = {
			isa = PBXContainerItemProxy;
			containerPortal = 8110B32721516C01002DDF71 /* Project object */;
			proxyType = 1;
			remoteGlobalIDString = 8110B32E21516C01002DDF71;
			remoteInfo = AerisWeather;
		};
/* End PBXContainerItemProxy section */

/* Begin PBXFileReference section */
		8110B32F21516C01002DDF71 /* AerisWeather.app */ = {isa = PBXFileReference; explicitFileType = wrapper.application; includeInIndex = 0; path = AerisWeather.app; sourceTree = BUILT_PRODUCTS_DIR; };
		8110B33221516C01002DDF71 /* AppDelegate.swift */ = {isa = PBXFileReference; lastKnownFileType = sourcecode.swift; path = AppDelegate.swift; sourceTree = "<group>"; };
		8110B33421516C01002DDF71 /* ViewController.swift */ = {isa = PBXFileReference; lastKnownFileType = sourcecode.swift; path = ViewController.swift; sourceTree = "<group>"; };
		8110B33721516C01002DDF71 /* Base */ = {isa = PBXFileReference; lastKnownFileType = file.storyboard; name = Base; path = Base.lproj/Main.storyboard; sourceTree = "<group>"; };
		8110B33921516C03002DDF71 /* Assets.xcassets */ = {isa = PBXFileReference; lastKnownFileType = folder.assetcatalog; path = Assets.xcassets; sourceTree = "<group>"; };
		8110B33C21516C03002DDF71 /* Base */ = {isa = PBXFileReference; lastKnownFileType = file.storyboard; name = Base; path = Base.lproj/LaunchScreen.storyboard; sourceTree = "<group>"; };
		8110B33E21516C03002DDF71 /* Info.plist */ = {isa = PBXFileReference; lastKnownFileType = text.plist.xml; path = Info.plist; sourceTree = "<group>"; };
		8110B34321516C03002DDF71 /* AerisWeatherTests.xctest */ = {isa = PBXFileReference; explicitFileType = wrapper.cfbundle; includeInIndex = 0; path = AerisWeatherTests.xctest; sourceTree = BUILT_PRODUCTS_DIR; };
		8110B34721516C03002DDF71 /* AerisWeatherTests.swift */ = {isa = PBXFileReference; lastKnownFileType = sourcecode.swift; path = AerisWeatherTests.swift; sourceTree = "<group>"; };
		8110B34921516C03002DDF71 /* Info.plist */ = {isa = PBXFileReference; lastKnownFileType = text.plist.xml; path = Info.plist; sourceTree = "<group>"; };
		8110B34E21516C03002DDF71 /* AerisWeatherUITests.xctest */ = {isa = PBXFileReference; explicitFileType = wrapper.cfbundle; includeInIndex = 0; path = AerisWeatherUITests.xctest; sourceTree = BUILT_PRODUCTS_DIR; };
		8110B35221516C03002DDF71 /* AerisWeatherUITests.swift */ = {isa = PBXFileReference; lastKnownFileType = sourcecode.swift; path = AerisWeatherUITests.swift; sourceTree = "<group>"; };
		8110B35421516C03002DDF71 /* Info.plist */ = {isa = PBXFileReference; lastKnownFileType = text.plist.xml; path = Info.plist; sourceTree = "<group>"; };
		8110B3612151701C002DDF71 /* CollectionViewCell.swift */ = {isa = PBXFileReference; lastKnownFileType = sourcecode.swift; path = CollectionViewCell.swift; sourceTree = "<group>"; };
		8110B363215173B3002DDF71 /* WeatherInfo.swift */ = {isa = PBXFileReference; lastKnownFileType = sourcecode.swift; path = WeatherInfo.swift; sourceTree = "<group>"; };
		8110B365215174B0002DDF71 /* NetworkHelper.swift */ = {isa = PBXFileReference; lastKnownFileType = sourcecode.swift; path = NetworkHelper.swift; sourceTree = "<group>"; };
		8110B369215178CD002DDF71 /* WeatherAPIClient.swift */ = {isa = PBXFileReference; lastKnownFileType = sourcecode.swift; path = WeatherAPIClient.swift; sourceTree = "<group>"; };
/* End PBXFileReference section */

/* Begin PBXFrameworksBuildPhase section */
		8110B32C21516C01002DDF71 /* Frameworks */ = {
			isa = PBXFrameworksBuildPhase;
			buildActionMask = 2147483647;
			files = (
			);
			runOnlyForDeploymentPostprocessing = 0;
		};
		8110B34021516C03002DDF71 /* Frameworks */ = {
			isa = PBXFrameworksBuildPhase;
			buildActionMask = 2147483647;
			files = (
			);
			runOnlyForDeploymentPostprocessing = 0;
		};
		8110B34B21516C03002DDF71 /* Frameworks */ = {
			isa = PBXFrameworksBuildPhase;
			buildActionMask = 2147483647;
			files = (
			);
			runOnlyForDeploymentPostprocessing = 0;
		};
/* End PBXFrameworksBuildPhase section */

/* Begin PBXGroup section */
		8110B32621516C01002DDF71 = {
			isa = PBXGroup;
			children = (
				8110B33121516C01002DDF71 /* AerisWeather */,
				8110B34621516C03002DDF71 /* AerisWeatherTests */,
				8110B35121516C03002DDF71 /* AerisWeatherUITests */,
				8110B33021516C01002DDF71 /* Products */,
			);
			sourceTree = "<group>";
		};
		8110B33021516C01002DDF71 /* Products */ = {
			isa = PBXGroup;
			children = (
				8110B32F21516C01002DDF71 /* AerisWeather.app */,
				8110B34321516C03002DDF71 /* AerisWeatherTests.xctest */,
				8110B34E21516C03002DDF71 /* AerisWeatherUITests.xctest */,
			);
			name = Products;
			sourceTree = "<group>";
		};
		8110B33121516C01002DDF71 /* AerisWeather */ = {
			isa = PBXGroup;
			children = (
				8110B36021516EAC002DDF71 /* Supporting Files */,
				8110B33421516C01002DDF71 /* ViewController.swift */,
				8110B33621516C01002DDF71 /* Main.storyboard */,
				8110B3612151701C002DDF71 /* CollectionViewCell.swift */,
				8110B36B21517915002DDF71 /* Models */,
				8110B33921516C03002DDF71 /* Assets.xcassets */,
				8110B33E21516C03002DDF71 /* Info.plist */,
			);
			path = AerisWeather;
			sourceTree = "<group>";
		};
		8110B34621516C03002DDF71 /* AerisWeatherTests */ = {
			isa = PBXGroup;
			children = (
				8110B34721516C03002DDF71 /* AerisWeatherTests.swift */,
				8110B34921516C03002DDF71 /* Info.plist */,
			);
			path = AerisWeatherTests;
			sourceTree = "<group>";
		};
		8110B35121516C03002DDF71 /* AerisWeatherUITests */ = {
			isa = PBXGroup;
			children = (
				8110B35221516C03002DDF71 /* AerisWeatherUITests.swift */,
				8110B35421516C03002DDF71 /* Info.plist */,
			);
			path = AerisWeatherUITests;
			sourceTree = "<group>";
		};
		8110B36021516EAC002DDF71 /* Supporting Files */ = {
			isa = PBXGroup;
			children = (
				8110B33221516C01002DDF71 /* AppDelegate.swift */,
				8110B33B21516C03002DDF71 /* LaunchScreen.storyboard */,
			);
			path = "Supporting Files";
			sourceTree = "<group>";
		};
		8110B36B21517915002DDF71 /* Models */ = {
			isa = PBXGroup;
			children = (
				8110B363215173B3002DDF71 /* WeatherInfo.swift */,
				8110B365215174B0002DDF71 /* NetworkHelper.swift */,
				8110B369215178CD002DDF71 /* WeatherAPIClient.swift */,
			);
			path = Models;
			sourceTree = "<group>";
		};
/* End PBXGroup section */

/* Begin PBXNativeTarget section */
		8110B32E21516C01002DDF71 /* AerisWeather */ = {
			isa = PBXNativeTarget;
			buildConfigurationList = 8110B35721516C03002DDF71 /* Build configuration list for PBXNativeTarget "AerisWeather" */;
			buildPhases = (
				8110B32B21516C01002DDF71 /* Sources */,
				8110B32C21516C01002DDF71 /* Frameworks */,
				8110B32D21516C01002DDF71 /* Resources */,
			);
			buildRules = (
			);
			dependencies = (
			);
			name = AerisWeather;
			productName = AerisWeather;
			productReference = 8110B32F21516C01002DDF71 /* AerisWeather.app */;
			productType = "com.apple.product-type.application";
		};
		8110B34221516C03002DDF71 /* AerisWeatherTests */ = {
			isa = PBXNativeTarget;
			buildConfigurationList = 8110B35A21516C03002DDF71 /* Build configuration list for PBXNativeTarget "AerisWeatherTests" */;
			buildPhases = (
				8110B33F21516C03002DDF71 /* Sources */,
				8110B34021516C03002DDF71 /* Frameworks */,
				8110B34121516C03002DDF71 /* Resources */,
			);
			buildRules = (
			);
			dependencies = (
				8110B34521516C03002DDF71 /* PBXTargetDependency */,
			);
			name = AerisWeatherTests;
			productName = AerisWeatherTests;
			productReference = 8110B34321516C03002DDF71 /* AerisWeatherTests.xctest */;
			productType = "com.apple.product-type.bundle.unit-test";
		};
		8110B34D21516C03002DDF71 /* AerisWeatherUITests */ = {
			isa = PBXNativeTarget;
			buildConfigurationList = 8110B35D21516C03002DDF71 /* Build configuration list for PBXNativeTarget "AerisWeatherUITests" */;
			buildPhases = (
				8110B34A21516C03002DDF71 /* Sources */,
				8110B34B21516C03002DDF71 /* Frameworks */,
				8110B34C21516C03002DDF71 /* Resources */,
			);
			buildRules = (
			);
			dependencies = (
				8110B35021516C03002DDF71 /* PBXTargetDependency */,
			);
			name = AerisWeatherUITests;
			productName = AerisWeatherUITests;
			productReference = 8110B34E21516C03002DDF71 /* AerisWeatherUITests.xctest */;
			productType = "com.apple.product-type.bundle.ui-testing";
		};
/* End PBXNativeTarget section */

/* Begin PBXProject section */
		8110B32721516C01002DDF71 /* Project object */ = {
			isa = PBXProject;
			attributes = {
				LastSwiftUpdateCheck = 0940;
				LastUpgradeCheck = 0940;
				ORGANIZATIONNAME = C4Q;
				TargetAttributes = {
					8110B32E21516C01002DDF71 = {
						CreatedOnToolsVersion = 9.4.1;
					};
					8110B34221516C03002DDF71 = {
						CreatedOnToolsVersion = 9.4.1;
						TestTargetID = 8110B32E21516C01002DDF71;
					};
					8110B34D21516C03002DDF71 = {
						CreatedOnToolsVersion = 9.4.1;
						TestTargetID = 8110B32E21516C01002DDF71;
					};
				};
			};
			buildConfigurationList = 8110B32A21516C01002DDF71 /* Build configuration list for PBXProject "AerisWeather" */;
			compatibilityVersion = "Xcode 9.3";
			developmentRegion = en;
			hasScannedForEncodings = 0;
			knownRegions = (
				en,
				Base,
			);
			mainGroup = 8110B32621516C01002DDF71;
			productRefGroup = 8110B33021516C01002DDF71 /* Products */;
			projectDirPath = "";
			projectRoot = "";
			targets = (
				8110B32E21516C01002DDF71 /* AerisWeather */,
				8110B34221516C03002DDF71 /* AerisWeatherTests */,
				8110B34D21516C03002DDF71 /* AerisWeatherUITests */,
			);
		};
/* End PBXProject section */

/* Begin PBXResourcesBuildPhase section */
		8110B32D21516C01002DDF71 /* Resources */ = {
			isa = PBXResourcesBuildPhase;
			buildActionMask = 2147483647;
			files = (
				8110B33D21516C03002DDF71 /* LaunchScreen.storyboard in Resources */,
				8110B33A21516C03002DDF71 /* Assets.xcassets in Resources */,
				8110B33821516C01002DDF71 /* Main.storyboard in Resources */,
			);
			runOnlyForDeploymentPostprocessing = 0;
		};
		8110B34121516C03002DDF71 /* Resources */ = {
			isa = PBXResourcesBuildPhase;
			buildActionMask = 2147483647;
			files = (
			);
			runOnlyForDeploymentPostprocessing = 0;
		};
		8110B34C21516C03002DDF71 /* Resources */ = {
			isa = PBXResourcesBuildPhase;
			buildActionMask = 2147483647;
			files = (
			);
			runOnlyForDeploymentPostprocessing = 0;
		};
/* End PBXResourcesBuildPhase section */

/* Begin PBXSourcesBuildPhase section */
		8110B32B21516C01002DDF71 /* Sources */ = {
			isa = PBXSourcesBuildPhase;
			buildActionMask = 2147483647;
			files = (
				8110B36A215178CD002DDF71 /* WeatherAPIClient.swift in Sources */,
				8110B364215173B3002DDF71 /* WeatherInfo.swift in Sources */,
				8110B33521516C01002DDF71 /* ViewController.swift in Sources */,
				8110B366215174B0002DDF71 /* NetworkHelper.swift in Sources */,
				8110B33321516C01002DDF71 /* AppDelegate.swift in Sources */,
				8110B3622151701C002DDF71 /* CollectionViewCell.swift in Sources */,
			);
			runOnlyForDeploymentPostprocessing = 0;
		};
		8110B33F21516C03002DDF71 /* Sources */ = {
			isa = PBXSourcesBuildPhase;
			buildActionMask = 2147483647;
			files = (
				8110B34821516C03002DDF71 /* AerisWeatherTests.swift in Sources */,
			);
			runOnlyForDeploymentPostprocessing = 0;
		};
		8110B34A21516C03002DDF71 /* Sources */ = {
			isa = PBXSourcesBuildPhase;
			buildActionMask = 2147483647;
			files = (
				8110B35321516C03002DDF71 /* AerisWeatherUITests.swift in Sources */,
			);
			runOnlyForDeploymentPostprocessing = 0;
		};
/* End PBXSourcesBuildPhase section */

/* Begin PBXTargetDependency section */
		8110B34521516C03002DDF71 /* PBXTargetDependency */ = {
			isa = PBXTargetDependency;
			target = 8110B32E21516C01002DDF71 /* AerisWeather */;
			targetProxy = 8110B34421516C03002DDF71 /* PBXContainerItemProxy */;
		};
		8110B35021516C03002DDF71 /* PBXTargetDependency */ = {
			isa = PBXTargetDependency;
			target = 8110B32E21516C01002DDF71 /* AerisWeather */;
			targetProxy = 8110B34F21516C03002DDF71 /* PBXContainerItemProxy */;
		};
/* End PBXTargetDependency section */

/* Begin PBXVariantGroup section */
		8110B33621516C01002DDF71 /* Main.storyboard */ = {
			isa = PBXVariantGroup;
			children = (
				8110B33721516C01002DDF71 /* Base */,
			);
			name = Main.storyboard;
			sourceTree = "<group>";
		};
		8110B33B21516C03002DDF71 /* LaunchScreen.storyboard */ = {
			isa = PBXVariantGroup;
			children = (
				8110B33C21516C03002DDF71 /* Base */,
			);
			name = LaunchScreen.storyboard;
			sourceTree = "<group>";
		};
/* End PBXVariantGroup section */

/* Begin XCBuildConfiguration section */
		8110B35521516C03002DDF71 /* Debug */ = {
			isa = XCBuildConfiguration;
			buildSettings = {
				ALWAYS_SEARCH_USER_PATHS = NO;
				CLANG_ANALYZER_NONNULL = YES;
				CLANG_ANALYZER_NUMBER_OBJECT_CONVERSION = YES_AGGRESSIVE;
				CLANG_CXX_LANGUAGE_STANDARD = "gnu++14";
				CLANG_CXX_LIBRARY = "libc++";
				CLANG_ENABLE_MODULES = YES;
				CLANG_ENABLE_OBJC_ARC = YES;
				CLANG_ENABLE_OBJC_WEAK = YES;
				CLANG_WARN_BLOCK_CAPTURE_AUTORELEASING = YES;
				CLANG_WARN_BOOL_CONVERSION = YES;
				CLANG_WARN_COMMA = YES;
				CLANG_WARN_CONSTANT_CONVERSION = YES;
				CLANG_WARN_DEPRECATED_OBJC_IMPLEMENTATIONS = YES;
				CLANG_WARN_DIRECT_OBJC_ISA_USAGE = YES_ERROR;
				CLANG_WARN_DOCUMENTATION_COMMENTS = YES;
				CLANG_WARN_EMPTY_BODY = YES;
				CLANG_WARN_ENUM_CONVERSION = YES;
				CLANG_WARN_INFINITE_RECURSION = YES;
				CLANG_WARN_INT_CONVERSION = YES;
				CLANG_WARN_NON_LITERAL_NULL_CONVERSION = YES;
				CLANG_WARN_OBJC_IMPLICIT_RETAIN_SELF = YES;
				CLANG_WARN_OBJC_LITERAL_CONVERSION = YES;
				CLANG_WARN_OBJC_ROOT_CLASS = YES_ERROR;
				CLANG_WARN_RANGE_LOOP_ANALYSIS = YES;
				CLANG_WARN_STRICT_PROTOTYPES = YES;
				CLANG_WARN_SUSPICIOUS_MOVE = YES;
				CLANG_WARN_UNGUARDED_AVAILABILITY = YES_AGGRESSIVE;
				CLANG_WARN_UNREACHABLE_CODE = YES;
				CLANG_WARN__DUPLICATE_METHOD_MATCH = YES;
				CODE_SIGN_IDENTITY = "iPhone Developer";
				COPY_PHASE_STRIP = NO;
				DEBUG_INFORMATION_FORMAT = dwarf;
				ENABLE_STRICT_OBJC_MSGSEND = YES;
				ENABLE_TESTABILITY = YES;
				GCC_C_LANGUAGE_STANDARD = gnu11;
				GCC_DYNAMIC_NO_PIC = NO;
				GCC_NO_COMMON_BLOCKS = YES;
				GCC_OPTIMIZATION_LEVEL = 0;
				GCC_PREPROCESSOR_DEFINITIONS = (
					"DEBUG=1",
					"$(inherited)",
				);
				GCC_WARN_64_TO_32_BIT_CONVERSION = YES;
				GCC_WARN_ABOUT_RETURN_TYPE = YES_ERROR;
				GCC_WARN_UNDECLARED_SELECTOR = YES;
				GCC_WARN_UNINITIALIZED_AUTOS = YES_AGGRESSIVE;
				GCC_WARN_UNUSED_FUNCTION = YES;
				GCC_WARN_UNUSED_VARIABLE = YES;
				IPHONEOS_DEPLOYMENT_TARGET = 11.4;
				MTL_ENABLE_DEBUG_INFO = YES;
				ONLY_ACTIVE_ARCH = YES;
				SDKROOT = iphoneos;
				SWIFT_ACTIVE_COMPILATION_CONDITIONS = DEBUG;
				SWIFT_OPTIMIZATION_LEVEL = "-Onone";
			};
			name = Debug;
		};
		8110B35621516C03002DDF71 /* Release */ = {
			isa = XCBuildConfiguration;
			buildSettings = {
				ALWAYS_SEARCH_USER_PATHS = NO;
				CLANG_ANALYZER_NONNULL = YES;
				CLANG_ANALYZER_NUMBER_OBJECT_CONVERSION = YES_AGGRESSIVE;
				CLANG_CXX_LANGUAGE_STANDARD = "gnu++14";
				CLANG_CXX_LIBRARY = "libc++";
				CLANG_ENABLE_MODULES = YES;
				CLANG_ENABLE_OBJC_ARC = YES;
				CLANG_ENABLE_OBJC_WEAK = YES;
				CLANG_WARN_BLOCK_CAPTURE_AUTORELEASING = YES;
				CLANG_WARN_BOOL_CONVERSION = YES;
				CLANG_WARN_COMMA = YES;
				CLANG_WARN_CONSTANT_CONVERSION = YES;
				CLANG_WARN_DEPRECATED_OBJC_IMPLEMENTATIONS = YES;
				CLANG_WARN_DIRECT_OBJC_ISA_USAGE = YES_ERROR;
				CLANG_WARN_DOCUMENTATION_COMMENTS = YES;
				CLANG_WARN_EMPTY_BODY = YES;
				CLANG_WARN_ENUM_CONVERSION = YES;
				CLANG_WARN_INFINITE_RECURSION = YES;
				CLANG_WARN_INT_CONVERSION = YES;
				CLANG_WARN_NON_LITERAL_NULL_CONVERSION = YES;
				CLANG_WARN_OBJC_IMPLICIT_RETAIN_SELF = YES;
				CLANG_WARN_OBJC_LITERAL_CONVERSION = YES;
				CLANG_WARN_OBJC_ROOT_CLASS = YES_ERROR;
				CLANG_WARN_RANGE_LOOP_ANALYSIS = YES;
				CLANG_WARN_STRICT_PROTOTYPES = YES;
				CLANG_WARN_SUSPICIOUS_MOVE = YES;
				CLANG_WARN_UNGUARDED_AVAILABILITY = YES_AGGRESSIVE;
				CLANG_WARN_UNREACHABLE_CODE = YES;
				CLANG_WARN__DUPLICATE_METHOD_MATCH = YES;
				CODE_SIGN_IDENTITY = "iPhone Developer";
				COPY_PHASE_STRIP = NO;
				DEBUG_INFORMATION_FORMAT = "dwarf-with-dsym";
				ENABLE_NS_ASSERTIONS = NO;
				ENABLE_STRICT_OBJC_MSGSEND = YES;
				GCC_C_LANGUAGE_STANDARD = gnu11;
				GCC_NO_COMMON_BLOCKS = YES;
				GCC_WARN_64_TO_32_BIT_CONVERSION = YES;
				GCC_WARN_ABOUT_RETURN_TYPE = YES_ERROR;
				GCC_WARN_UNDECLARED_SELECTOR = YES;
				GCC_WARN_UNINITIALIZED_AUTOS = YES_AGGRESSIVE;
				GCC_WARN_UNUSED_FUNCTION = YES;
				GCC_WARN_UNUSED_VARIABLE = YES;
				IPHONEOS_DEPLOYMENT_TARGET = 11.4;
				MTL_ENABLE_DEBUG_INFO = NO;
				SDKROOT = iphoneos;
				SWIFT_COMPILATION_MODE = wholemodule;
				SWIFT_OPTIMIZATION_LEVEL = "-O";
				VALIDATE_PRODUCT = YES;
			};
			name = Release;
		};
		8110B35821516C03002DDF71 /* Debug */ = {
			isa = XCBuildConfiguration;
			buildSettings = {
				ASSETCATALOG_COMPILER_APPICON_NAME = AppIcon;
				CODE_SIGN_STYLE = Automatic;
				INFOPLIST_FILE = AerisWeather/Info.plist;
				LD_RUNPATH_SEARCH_PATHS = (
					"$(inherited)",
					"@executable_path/Frameworks",
				);
				PRODUCT_BUNDLE_IDENTIFIER = nyc.c4q.nyc.AerisWeather;
				PRODUCT_NAME = "$(TARGET_NAME)";
				SWIFT_VERSION = 4.0;
				TARGETED_DEVICE_FAMILY = "1,2";
			};
			name = Debug;
		};
		8110B35921516C03002DDF71 /* Release */ = {
			isa = XCBuildConfiguration;
			buildSettings = {
				ASSETCATALOG_COMPILER_APPICON_NAME = AppIcon;
				CODE_SIGN_STYLE = Automatic;
				INFOPLIST_FILE = AerisWeather/Info.plist;
				LD_RUNPATH_SEARCH_PATHS = (
					"$(inherited)",
					"@executable_path/Frameworks",
				);
				PRODUCT_BUNDLE_IDENTIFIER = nyc.c4q.nyc.AerisWeather;
				PRODUCT_NAME = "$(TARGET_NAME)";
				SWIFT_VERSION = 4.0;
				TARGETED_DEVICE_FAMILY = "1,2";
			};
			name = Release;
		};
		8110B35B21516C03002DDF71 /* Debug */ = {
			isa = XCBuildConfiguration;
			buildSettings = {
				ALWAYS_EMBED_SWIFT_STANDARD_LIBRARIES = YES;
				BUNDLE_LOADER = "$(TEST_HOST)";
				CODE_SIGN_STYLE = Automatic;
				INFOPLIST_FILE = AerisWeatherTests/Info.plist;
				LD_RUNPATH_SEARCH_PATHS = (
					"$(inherited)",
					"@executable_path/Frameworks",
					"@loader_path/Frameworks",
				);
				PRODUCT_BUNDLE_IDENTIFIER = nyc.c4q.nyc.AerisWeatherTests;
				PRODUCT_NAME = "$(TARGET_NAME)";
				SWIFT_VERSION = 4.0;
				TARGETED_DEVICE_FAMILY = "1,2";
				TEST_HOST = "$(BUILT_PRODUCTS_DIR)/AerisWeather.app/AerisWeather";
			};
			name = Debug;
		};
		8110B35C21516C03002DDF71 /* Release */ = {
			isa = XCBuildConfiguration;
			buildSettings = {
				ALWAYS_EMBED_SWIFT_STANDARD_LIBRARIES = YES;
				BUNDLE_LOADER = "$(TEST_HOST)";
				CODE_SIGN_STYLE = Automatic;
				INFOPLIST_FILE = AerisWeatherTests/Info.plist;
				LD_RUNPATH_SEARCH_PATHS = (
					"$(inherited)",
					"@executable_path/Frameworks",
					"@loader_path/Frameworks",
				);
				PRODUCT_BUNDLE_IDENTIFIER = nyc.c4q.nyc.AerisWeatherTests;
				PRODUCT_NAME = "$(TARGET_NAME)";
				SWIFT_VERSION = 4.0;
				TARGETED_DEVICE_FAMILY = "1,2";
				TEST_HOST = "$(BUILT_PRODUCTS_DIR)/AerisWeather.app/AerisWeather";
			};
			name = Release;
		};
		8110B35E21516C03002DDF71 /* Debug */ = {
			isa = XCBuildConfiguration;
			buildSettings = {
				ALWAYS_EMBED_SWIFT_STANDARD_LIBRARIES = YES;
				CODE_SIGN_STYLE = Automatic;
				INFOPLIST_FILE = AerisWeatherUITests/Info.plist;
				LD_RUNPATH_SEARCH_PATHS = (
					"$(inherited)",
					"@executable_path/Frameworks",
					"@loader_path/Frameworks",
				);
				PRODUCT_BUNDLE_IDENTIFIER = nyc.c4q.nyc.AerisWeatherUITests;
				PRODUCT_NAME = "$(TARGET_NAME)";
				SWIFT_VERSION = 4.0;
				TARGETED_DEVICE_FAMILY = "1,2";
				TEST_TARGET_NAME = AerisWeather;
			};
			name = Debug;
		};
		8110B35F21516C03002DDF71 /* Release */ = {
			isa = XCBuildConfiguration;
			buildSettings = {
				ALWAYS_EMBED_SWIFT_STANDARD_LIBRARIES = YES;
				CODE_SIGN_STYLE = Automatic;
				INFOPLIST_FILE = AerisWeatherUITests/Info.plist;
				LD_RUNPATH_SEARCH_PATHS = (
					"$(inherited)",
					"@executable_path/Frameworks",
					"@loader_path/Frameworks",
				);
				PRODUCT_BUNDLE_IDENTIFIER = nyc.c4q.nyc.AerisWeatherUITests;
				PRODUCT_NAME = "$(TARGET_NAME)";
				SWIFT_VERSION = 4.0;
				TARGETED_DEVICE_FAMILY = "1,2";
				TEST_TARGET_NAME = AerisWeather;
			};
			name = Release;
		};
/* End XCBuildConfiguration section */

/* Begin XCConfigurationList section */
		8110B32A21516C01002DDF71 /* Build configuration list for PBXProject "AerisWeather" */ = {
			isa = XCConfigurationList;
			buildConfigurations = (
				8110B35521516C03002DDF71 /* Debug */,
				8110B35621516C03002DDF71 /* Release */,
			);
			defaultConfigurationIsVisible = 0;
			defaultConfigurationName = Release;
		};
		8110B35721516C03002DDF71 /* Build configuration list for PBXNativeTarget "AerisWeather" */ = {
			isa = XCConfigurationList;
			buildConfigurations = (
				8110B35821516C03002DDF71 /* Debug */,
				8110B35921516C03002DDF71 /* Release */,
			);
			defaultConfigurationIsVisible = 0;
			defaultConfigurationName = Release;
		};
		8110B35A21516C03002DDF71 /* Build configuration list for PBXNativeTarget "AerisWeatherTests" */ = {
			isa = XCConfigurationList;
			buildConfigurations = (
				8110B35B21516C03002DDF71 /* Debug */,
				8110B35C21516C03002DDF71 /* Release */,
			);
			defaultConfigurationIsVisible = 0;
			defaultConfigurationName = Release;
		};
		8110B35D21516C03002DDF71 /* Build configuration list for PBXNativeTarget "AerisWeatherUITests" */ = {
			isa = XCConfigurationList;
			buildConfigurations = (
				8110B35E21516C03002DDF71 /* Debug */,
				8110B35F21516C03002DDF71 /* Release */,
			);
			defaultConfigurationIsVisible = 0;
			defaultConfigurationName = Release;
		};
/* End XCConfigurationList section */
	};
	rootObject = 8110B32721516C01002DDF71 /* Project object */;
}
